{
  "object": {
    "pins": [
      {
        "package": "Alamofire",
        "repositoryURL": "https://github.com/Alamofire/Alamofire.git",
        "state": {
          "branch": null,
          "revision": "354dda32d89fc8cd4f5c46487f64957d355f53d8",
          "version": "5.6.1"
        }
      },
      {
        "package": "CollectionViewExtension",
        "repositoryURL": "https://github.com/zeynepgg/CollectionViewExtension.git",
        "state": {
          "branch": null,
          "revision": "66ccf4d9aaab2f3f49f771d8eb055e006b71e259",
          "version": "0.0.3"
        }
      },
      {
        "package": "Kingfisher",
        "repositoryURL": "https://github.com/onevcat/Kingfisher.git",
        "state": {
          "branch": null,
          "revision": "1a7b5480eb750a8e171654b9b1cb0a2cbeb27a55",
          "version": "7.2.1"
        }
      }
    ]
  },
  "version": 1
}
